
Microsoft Visual Studio Solution File, Format Version 12.00
# Visual Studio Version 17
VisualStudioVersion = 17.10.35201.131
MinimumVisualStudioVersion = 10.0.40219.1
Project("{2150E333-8FDC-42A3-9474-1A3956D46DE8}") = "Services", "Services", "{14BF56D1-16CE-4DA7-A40C-FF38F5BDB663}"
EndProject
Project("{2150E333-8FDC-42A3-9474-1A3956D46DE8}") = "Catalog", "Catalog", "{E3BE6657-92D3-45D9-ACF7-7861A4EBD47A}"
EndProject
Project("{FAE04EC0-301F-11D3-BF4B-00C04F79EFBC}") = "MultiShop.Catalog", "Services\Catalog\MultiShop.Catalog\MultiShop.Catalog.csproj", "{E11D8664-5EEA-4B22-B451-3D1AA7EAC067}"
EndProject
Project("{2150E333-8FDC-42A3-9474-1A3956D46DE8}") = "Discount", "Discount", "{3208598B-5EB2-4816-B89A-1E1880C95D68}"
EndProject
Project("{FAE04EC0-301F-11D3-BF4B-00C04F79EFBC}") = "MultiShop.Discount", "Services\Discount\MultiShop.Discount\MultiShop.Discount.csproj", "{E06FBC98-297B-40E9-9EAE-F07A5C1AB9B9}"
EndProject
Project("{2150E333-8FDC-42A3-9474-1A3956D46DE8}") = "Order", "Order", "{1FAEEA6D-5A10-4E21-AB60-B0F13FA0301E}"
EndProject
Project("{2150E333-8FDC-42A3-9474-1A3956D46DE8}") = "Core", "Core", "{DC5524CD-CA9C-454B-99FC-50E5CE5856A8}"
EndProject
Project("{2150E333-8FDC-42A3-9474-1A3956D46DE8}") = "Infrastructure", "Infrastructure", "{1376024F-485B-4EF5-A2A4-AACD977EA514}"
EndProject
Project("{2150E333-8FDC-42A3-9474-1A3956D46DE8}") = "Presentation", "Presentation", "{61578B9C-8A70-40F9-8C28-B253112E319B}"
EndProject
Project("{FAE04EC0-301F-11D3-BF4B-00C04F79EFBC}") = "MultiShop.Order.Domain", "Services\Order\Core\MultiShop.Order.Domain\MultiShop.Order.Domain.csproj", "{C2EB123E-51FC-4C52-8B7E-8665FB7919AA}"
EndProject
Project("{FAE04EC0-301F-11D3-BF4B-00C04F79EFBC}") = "MultiShop.Order.Application", "Services\Order\Core\MultiShop.Order.Application\MultiShop.Order.Application.csproj", "{473E0425-EA40-4537-B04E-AE5AECE989BF}"
EndProject
Project("{FAE04EC0-301F-11D3-BF4B-00C04F79EFBC}") = "MultiShop.Order.Persistence", "Services\Order\Infrastructure\MultiShop.Order.Persistence\MultiShop.Order.Persistence.csproj", "{CEC23305-42B4-4C6F-82D6-A0AE9D49E2AB}"
EndProject
Project("{FAE04EC0-301F-11D3-BF4B-00C04F79EFBC}") = "MultiShop.Order.WebApi", "Services\Order\Presentation\MultiShop.Order.WebApi\MultiShop.Order.WebApi.csproj", "{14C44036-EA7B-4CD6-9D34-B6847AF1E12F}"
EndProject
Global
	GlobalSection(SolutionConfigurationPlatforms) = preSolution
		Debug|Any CPU = Debug|Any CPU
		Release|Any CPU = Release|Any CPU
	EndGlobalSection
	GlobalSection(ProjectConfigurationPlatforms) = postSolution
		{E11D8664-5EEA-4B22-B451-3D1AA7EAC067}.Debug|Any CPU.ActiveCfg = Debug|Any CPU
		{E11D8664-5EEA-4B22-B451-3D1AA7EAC067}.Debug|Any CPU.Build.0 = Debug|Any CPU
		{E11D8664-5EEA-4B22-B451-3D1AA7EAC067}.Release|Any CPU.ActiveCfg = Release|Any CPU
		{E11D8664-5EEA-4B22-B451-3D1AA7EAC067}.Release|Any CPU.Build.0 = Release|Any CPU
		{E06FBC98-297B-40E9-9EAE-F07A5C1AB9B9}.Debug|Any CPU.ActiveCfg = Debug|Any CPU
		{E06FBC98-297B-40E9-9EAE-F07A5C1AB9B9}.Debug|Any CPU.Build.0 = Debug|Any CPU
		{E06FBC98-297B-40E9-9EAE-F07A5C1AB9B9}.Release|Any CPU.ActiveCfg = Release|Any CPU
		{E06FBC98-297B-40E9-9EAE-F07A5C1AB9B9}.Release|Any CPU.Build.0 = Release|Any CPU
		{C2EB123E-51FC-4C52-8B7E-8665FB7919AA}.Debug|Any CPU.ActiveCfg = Debug|Any CPU
		{C2EB123E-51FC-4C52-8B7E-8665FB7919AA}.Debug|Any CPU.Build.0 = Debug|Any CPU
		{C2EB123E-51FC-4C52-8B7E-8665FB7919AA}.Release|Any CPU.ActiveCfg = Release|Any CPU
		{C2EB123E-51FC-4C52-8B7E-8665FB7919AA}.Release|Any CPU.Build.0 = Release|Any CPU
		{473E0425-EA40-4537-B04E-AE5AECE989BF}.Debug|Any CPU.ActiveCfg = Debug|Any CPU
		{473E0425-EA40-4537-B04E-AE5AECE989BF}.Debug|Any CPU.Build.0 = Debug|Any CPU
		{473E0425-EA40-4537-B04E-AE5AECE989BF}.Release|Any CPU.ActiveCfg = Release|Any CPU
		{473E0425-EA40-4537-B04E-AE5AECE989BF}.Release|Any CPU.Build.0 = Release|Any CPU
		{CEC23305-42B4-4C6F-82D6-A0AE9D49E2AB}.Debug|Any CPU.ActiveCfg = Debug|Any CPU
		{CEC23305-42B4-4C6F-82D6-A0AE9D49E2AB}.Debug|Any CPU.Build.0 = Debug|Any CPU
		{CEC23305-42B4-4C6F-82D6-A0AE9D49E2AB}.Release|Any CPU.ActiveCfg = Release|Any CPU
		{CEC23305-42B4-4C6F-82D6-A0AE9D49E2AB}.Release|Any CPU.Build.0 = Release|Any CPU
		{14C44036-EA7B-4CD6-9D34-B6847AF1E12F}.Debug|Any CPU.ActiveCfg = Debug|Any CPU
		{14C44036-EA7B-4CD6-9D34-B6847AF1E12F}.Debug|Any CPU.Build.0 = Debug|Any CPU
		{14C44036-EA7B-4CD6-9D34-B6847AF1E12F}.Release|Any CPU.ActiveCfg = Release|Any CPU
		{14C44036-EA7B-4CD6-9D34-B6847AF1E12F}.Release|Any CPU.Build.0 = Release|Any CPU
	EndGlobalSection
	GlobalSection(SolutionProperties) = preSolution
		HideSolutionNode = FALSE
	EndGlobalSection
	GlobalSection(NestedProjects) = preSolution
		{E3BE6657-92D3-45D9-ACF7-7861A4EBD47A} = {14BF56D1-16CE-4DA7-A40C-FF38F5BDB663}
		{E11D8664-5EEA-4B22-B451-3D1AA7EAC067} = {E3BE6657-92D3-45D9-ACF7-7861A4EBD47A}
		{3208598B-5EB2-4816-B89A-1E1880C95D68} = {14BF56D1-16CE-4DA7-A40C-FF38F5BDB663}
		{E06FBC98-297B-40E9-9EAE-F07A5C1AB9B9} = {3208598B-5EB2-4816-B89A-1E1880C95D68}
		{1FAEEA6D-5A10-4E21-AB60-B0F13FA0301E} = {14BF56D1-16CE-4DA7-A40C-FF38F5BDB663}
		{DC5524CD-CA9C-454B-99FC-50E5CE5856A8} = {1FAEEA6D-5A10-4E21-AB60-B0F13FA0301E}
		{1376024F-485B-4EF5-A2A4-AACD977EA514} = {1FAEEA6D-5A10-4E21-AB60-B0F13FA0301E}
		{61578B9C-8A70-40F9-8C28-B253112E319B} = {1FAEEA6D-5A10-4E21-AB60-B0F13FA0301E}
		{C2EB123E-51FC-4C52-8B7E-8665FB7919AA} = {DC5524CD-CA9C-454B-99FC-50E5CE5856A8}
		{473E0425-EA40-4537-B04E-AE5AECE989BF} = {DC5524CD-CA9C-454B-99FC-50E5CE5856A8}
		{CEC23305-42B4-4C6F-82D6-A0AE9D49E2AB} = {1376024F-485B-4EF5-A2A4-AACD977EA514}
		{14C44036-EA7B-4CD6-9D34-B6847AF1E12F} = {61578B9C-8A70-40F9-8C28-B253112E319B}
	EndGlobalSection
	GlobalSection(ExtensibilityGlobals) = postSolution
		SolutionGuid = {8FD6DE42-493E-4423-84D8-AA168E7C959C}
	EndGlobalSection
EndGlobal
